
Microsoft Visual Studio Solution File, Format Version 12.00
# Visual Studio Version 16
VisualStudioVersion = 16.0.29905.134
MinimumVisualStudioVersion = 10.0.40219.1
Project("{FAE04EC0-301F-11D3-BF4B-00C04F79EFBC}") = "HelloWorld", "HelloWorld\HelloWorld.csproj", "{A27A0FA4-6024-44BD-99DD-CD8B2F8C1684}"
EndProject
Global
	GlobalSection(SolutionConfigurationPlatforms) = preSolution
		Debug|Any CPU = Debug|Any CPU
		Release|Any CPU = Release|Any CPU
	EndGlobalSection
	GlobalSection(ProjectConfigurationPlatforms) = postSolution
		{A27A0FA4-6024-44BD-99DD-CD8B2F8C1684}.Debug|Any CPU.ActiveCfg = Debug|Any CPU
		{A27A0FA4-6024-44BD-99DD-CD8B2F8C1684}.Debug|Any CPU.Build.0 = Debug|Any CPU
		{A27A0FA4-6024-44BD-99DD-CD8B2F8C1684}.Release|Any CPU.ActiveCfg = Release|Any CPU
		{A27A0FA4-6024-44BD-99DD-CD8B2F8C1684}.Release|Any CPU.Build.0 = Release|Any CPU
	EndGlobalSection
	GlobalSection(SolutionProperties) = preSolution
		HideSolutionNode = FALSE
	EndGlobalSection
	GlobalSection(ExtensibilityGlobals) = postSolution
		SolutionGuid = {113F201D-5560-4548-A7C5-415514ED2B48}
	EndGlobalSection
EndGlobal
